{
  "lockfileVersion": 1,
  "workspaces": {
    "": {
      "devDependencies": {
        "aws-cdk": "^2.1020.2",
      },
    },
  },
  "packages": {
    "aws-cdk": ["aws-cdk@2.1020.2", "", { "optionalDependencies": { "fsevents": "2.3.2" }, "bin": { "cdk": "bin/cdk" } }, "sha512-yWdt3dJh4aPm1VNyEgfG3lozGrvddw0i7avt+Cl9KOYixmisQtAg39/aZqzVVqjzVZVEanXmz+tlhzzh75Z69A=="],

    "fsevents": ["fsevents@2.3.2", "", { "os": "darwin" }, "sha512-xiqMQR4xAeHTuB9uWm+fFRcIOgKBMiOBP+eXiyT7jsgVCq1bkVygt00oASowB7EdtpOHaaPgKt812P9ab+DDKA=="],
  }
}
